
Microsoft Visual Studio Solution File, Format Version 12.00
# Visual Studio Version 16
VisualStudioVersion = 16.0.30204.135
MinimumVisualStudioVersion = 10.0.40219.1
Project("{FAE04EC0-301F-11D3-BF4B-00C04F79EFBC}") = "ClimbingApp", "ClimbingApp\ClimbingApp.csproj", "{4C2F3B51-C4BF-4750-A6B7-00681347613C}"
EndProject
Global
	GlobalSection(SolutionConfigurationPlatforms) = preSolution
		Debug|Any CPU = Debug|Any CPU
		Release|Any CPU = Release|Any CPU
	EndGlobalSection
	GlobalSection(ProjectConfigurationPlatforms) = postSolution
		{4C2F3B51-C4BF-4750-A6B7-00681347613C}.Debug|Any CPU.ActiveCfg = Debug|Any CPU
		{4C2F3B51-C4BF-4750-A6B7-00681347613C}.Debug|Any CPU.Build.0 = Debug|Any CPU
		{4C2F3B51-C4BF-4750-A6B7-00681347613C}.Release|Any CPU.ActiveCfg = Release|Any CPU
		{4C2F3B51-C4BF-4750-A6B7-00681347613C}.Release|Any CPU.Build.0 = Release|Any CPU
	EndGlobalSection
	GlobalSection(SolutionProperties) = preSolution
		HideSolutionNode = FALSE
	EndGlobalSection
	GlobalSection(ExtensibilityGlobals) = postSolution
		SolutionGuid = {37C25BDB-0253-4B61-BE98-7588B99D4A59}
	EndGlobalSection
EndGlobal
